
Microsoft Visual Studio Solution File, Format Version 12.00
# Visual Studio Version 16
VisualStudioVersion = 16.0.30517.126
MinimumVisualStudioVersion = 10.0.40219.1
Project("{FAE04EC0-301F-11D3-BF4B-00C04F79EFBC}") = "spin_words", "spin_words\spin_words.csproj", "{5B26B683-EA9E-4462-A136-D038AEEC8BDC}"
EndProject
Global
	GlobalSection(SolutionConfigurationPlatforms) = preSolution
		Debug|Any CPU = Debug|Any CPU
		Release|Any CPU = Release|Any CPU
	EndGlobalSection
	GlobalSection(ProjectConfigurationPlatforms) = postSolution
		{5B26B683-EA9E-4462-A136-D038AEEC8BDC}.Debug|Any CPU.ActiveCfg = Debug|Any CPU
		{5B26B683-EA9E-4462-A136-D038AEEC8BDC}.Debug|Any CPU.Build.0 = Debug|Any CPU
		{5B26B683-EA9E-4462-A136-D038AEEC8BDC}.Release|Any CPU.ActiveCfg = Release|Any CPU
		{5B26B683-EA9E-4462-A136-D038AEEC8BDC}.Release|Any CPU.Build.0 = Release|Any CPU
	EndGlobalSection
	GlobalSection(SolutionProperties) = preSolution
		HideSolutionNode = FALSE
	EndGlobalSection
	GlobalSection(ExtensibilityGlobals) = postSolution
		SolutionGuid = {2A678445-4C21-4E11-9305-DD3BAE2689C2}
	EndGlobalSection
EndGlobal
